// !$*UTF8*$!
{
	archiveVersion = 1;
	classes = {
	};
	objectVersion = 77;
	objects = {

/* Begin PBXBuildFile section */
		8E302E1C2D8BA1C9003B4856 /* Alamofire in Frameworks */ = {isa = PBXBuildFile; productRef = 8E302E1B2D8BA1C9003B4856 /* Alamofire */; };
		8E302E462D8BC683003B4856 /* SDWebImageSwiftUI in Frameworks */ = {isa = PBXBuildFile; productRef = 8E302E452D8BC683003B4856 /* SDWebImageSwiftUI */; };
		8E302E632D8BEA0E003B4856 /* RealmSwift in Frameworks */ = {isa = PBXBuildFile; productRef = 8E302E622D8BEA0E003B4856 /* RealmSwift */; };
/* End PBXBuildFile section */

/* Begin PBXContainerItemProxy section */
		8E302DC12D8A7F07003B4856 /* PBXContainerItemProxy */ = {
			isa = PBXContainerItemProxy;
			containerPortal = 8E302DA82D8A7F05003B4856 /* Project object */;
			proxyType = 1;
			remoteGlobalIDString = 8E302DAF2D8A7F05003B4856;
			remoteInfo = ProjectDicoding3;
		};
		8E302DCB2D8A7F07003B4856 /* PBXContainerItemProxy */ = {
			isa = PBXContainerItemProxy;
			containerPortal = 8E302DA82D8A7F05003B4856 /* Project object */;
			proxyType = 1;
			remoteGlobalIDString = 8E302DAF2D8A7F05003B4856;
			remoteInfo = ProjectDicoding3;
		};
/* End PBXContainerItemProxy section */

/* Begin PBXFileReference section */
		8E302DB02D8A7F05003B4856 /* ProjectDicoding3.app */ = {isa = PBXFileReference; explicitFileType = wrapper.application; includeInIndex = 0; path = ProjectDicoding3.app; sourceTree = BUILT_PRODUCTS_DIR; };
		8E302DC02D8A7F07003B4856 /* ProjectDicoding3Tests.xctest */ = {isa = PBXFileReference; explicitFileType = wrapper.cfbundle; includeInIndex = 0; path = ProjectDicoding3Tests.xctest; sourceTree = BUILT_PRODUCTS_DIR; };
		8E302DCA2D8A7F07003B4856 /* ProjectDicoding3UITests.xctest */ = {isa = PBXFileReference; explicitFileType = wrapper.cfbundle; includeInIndex = 0; path = ProjectDicoding3UITests.xctest; sourceTree = BUILT_PRODUCTS_DIR; };
/* End PBXFileReference section */

/* Begin PBXFileSystemSynchronizedRootGroup section */
		8E302DB22D8A7F05003B4856 /* ProjectDicoding3 */ = {
			isa = PBXFileSystemSynchronizedRootGroup;
			path = ProjectDicoding3;
			sourceTree = "<group>";
		};
		8E302DC32D8A7F07003B4856 /* ProjectDicoding3Tests */ = {
			isa = PBXFileSystemSynchronizedRootGroup;
			path = ProjectDicoding3Tests;
			sourceTree = "<group>";
		};
		8E302DCD2D8A7F07003B4856 /* ProjectDicoding3UITests */ = {
			isa = PBXFileSystemSynchronizedRootGroup;
			path = ProjectDicoding3UITests;
			sourceTree = "<group>";
		};
/* End PBXFileSystemSynchronizedRootGroup section */

/* Begin PBXFrameworksBuildPhase section */
		8E302DAD2D8A7F05003B4856 /* Frameworks */ = {
			isa = PBXFrameworksBuildPhase;
			buildActionMask = 2147483647;
			files = (
				8E302E632D8BEA0E003B4856 /* RealmSwift in Frameworks */,
				8E302E462D8BC683003B4856 /* SDWebImageSwiftUI in Frameworks */,
				8E302E1C2D8BA1C9003B4856 /* Alamofire in Frameworks */,
			);
			runOnlyForDeploymentPostprocessing = 0;
		};
		8E302DBD2D8A7F07003B4856 /* Frameworks */ = {
			isa = PBXFrameworksBuildPhase;
			buildActionMask = 2147483647;
			files = (
			);
			runOnlyForDeploymentPostprocessing = 0;
		};
		8E302DC72D8A7F07003B4856 /* Frameworks */ = {
			isa = PBXFrameworksBuildPhase;
			buildActionMask = 2147483647;
			files = (
			);
			runOnlyForDeploymentPostprocessing = 0;
		};
/* End PBXFrameworksBuildPhase section */

/* Begin PBXGroup section */
		8E302DA72D8A7F05003B4856 = {
			isa = PBXGroup;
			children = (
				8E302DB22D8A7F05003B4856 /* ProjectDicoding3 */,
				8E302DC32D8A7F07003B4856 /* ProjectDicoding3Tests */,
				8E302DCD2D8A7F07003B4856 /* ProjectDicoding3UITests */,
				8E302DB12D8A7F05003B4856 /* Products */,
			);
			sourceTree = "<group>";
		};
		8E302DB12D8A7F05003B4856 /* Products */ = {
			isa = PBXGroup;
			children = (
				8E302DB02D8A7F05003B4856 /* ProjectDicoding3.app */,
				8E302DC02D8A7F07003B4856 /* ProjectDicoding3Tests.xctest */,
				8E302DCA2D8A7F07003B4856 /* ProjectDicoding3UITests.xctest */,
			);
			name = Products;
			sourceTree = "<group>";
		};
/* End PBXGroup section */

/* Begin PBXNativeTarget section */
		8E302DAF2D8A7F05003B4856 /* ProjectDicoding3 */ = {
			isa = PBXNativeTarget;
			buildConfigurationList = 8E302DD42D8A7F07003B4856 /* Build configuration list for PBXNativeTarget "ProjectDicoding3" */;
			buildPhases = (
				8E302DAC2D8A7F05003B4856 /* Sources */,
				8E302DAD2D8A7F05003B4856 /* Frameworks */,
				8E302DAE2D8A7F05003B4856 /* Resources */,
				8E302E402D8BC368003B4856 /* ShellScript */,
			);
			buildRules = (
			);
			dependencies = (
			);
			fileSystemSynchronizedGroups = (
				8E302DB22D8A7F05003B4856 /* ProjectDicoding3 */,
			);
			name = ProjectDicoding3;
			packageProductDependencies = (
				8E302E1B2D8BA1C9003B4856 /* Alamofire */,
				8E302E452D8BC683003B4856 /* SDWebImageSwiftUI */,
				8E302E622D8BEA0E003B4856 /* RealmSwift */,
			);
			productName = ProjectDicoding3;
			productReference = 8E302DB02D8A7F05003B4856 /* ProjectDicoding3.app */;
			productType = "com.apple.product-type.application";
		};
		8E302DBF2D8A7F07003B4856 /* ProjectDicoding3Tests */ = {
			isa = PBXNativeTarget;
			buildConfigurationList = 8E302DD72D8A7F07003B4856 /* Build configuration list for PBXNativeTarget "ProjectDicoding3Tests" */;
			buildPhases = (
				8E302DBC2D8A7F07003B4856 /* Sources */,
				8E302DBD2D8A7F07003B4856 /* Frameworks */,
				8E302DBE2D8A7F07003B4856 /* Resources */,
			);
			buildRules = (
			);
			dependencies = (
				8E302DC22D8A7F07003B4856 /* PBXTargetDependency */,
			);
			fileSystemSynchronizedGroups = (
				8E302DC32D8A7F07003B4856 /* ProjectDicoding3Tests */,
			);
			name = ProjectDicoding3Tests;
			packageProductDependencies = (
			);
			productName = ProjectDicoding3Tests;
			productReference = 8E302DC02D8A7F07003B4856 /* ProjectDicoding3Tests.xctest */;
			productType = "com.apple.product-type.bundle.unit-test";
		};
		8E302DC92D8A7F07003B4856 /* ProjectDicoding3UITests */ = {
			isa = PBXNativeTarget;
			buildConfigurationList = 8E302DDA2D8A7F07003B4856 /* Build configuration list for PBXNativeTarget "ProjectDicoding3UITests" */;
			buildPhases = (
				8E302DC62D8A7F07003B4856 /* Sources */,
				8E302DC72D8A7F07003B4856 /* Frameworks */,
				8E302DC82D8A7F07003B4856 /* Resources */,
			);
			buildRules = (
			);
			dependencies = (
				8E302DCC2D8A7F07003B4856 /* PBXTargetDependency */,
			);
			fileSystemSynchronizedGroups = (
				8E302DCD2D8A7F07003B4856 /* ProjectDicoding3UITests */,
			);
			name = ProjectDicoding3UITests;
			packageProductDependencies = (
			);
			productName = ProjectDicoding3UITests;
			productReference = 8E302DCA2D8A7F07003B4856 /* ProjectDicoding3UITests.xctest */;
			productType = "com.apple.product-type.bundle.ui-testing";
		};
/* End PBXNativeTarget section */

/* Begin PBXProject section */
		8E302DA82D8A7F05003B4856 /* Project object */ = {
			isa = PBXProject;
			attributes = {
				BuildIndependentTargetsInParallel = 1;
				LastSwiftUpdateCheck = 1620;
				LastUpgradeCheck = 1620;
				TargetAttributes = {
					8E302DAF2D8A7F05003B4856 = {
						CreatedOnToolsVersion = 16.2;
					};
					8E302DBF2D8A7F07003B4856 = {
						CreatedOnToolsVersion = 16.2;
						TestTargetID = 8E302DAF2D8A7F05003B4856;
					};
					8E302DC92D8A7F07003B4856 = {
						CreatedOnToolsVersion = 16.2;
						TestTargetID = 8E302DAF2D8A7F05003B4856;
					};
				};
			};
			buildConfigurationList = 8E302DAB2D8A7F05003B4856 /* Build configuration list for PBXProject "ProjectDicoding3" */;
			developmentRegion = en;
			hasScannedForEncodings = 0;
			knownRegions = (
				en,
				Base,
			);
			mainGroup = 8E302DA72D8A7F05003B4856;
			minimizedProjectReferenceProxies = 1;
			packageReferences = (
				8E302E1A2D8BA1C9003B4856 /* XCRemoteSwiftPackageReference "Alamofire" */,
				8E302E442D8BC683003B4856 /* XCRemoteSwiftPackageReference "SDWebImageSwiftUI" */,
				8E302E612D8BEA0E003B4856 /* XCRemoteSwiftPackageReference "realm-swift" */,
			);
			preferredProjectObjectVersion = 77;
			productRefGroup = 8E302DB12D8A7F05003B4856 /* Products */;
			projectDirPath = "";
			projectRoot = "";
			targets = (
				8E302DAF2D8A7F05003B4856 /* ProjectDicoding3 */,
				8E302DBF2D8A7F07003B4856 /* ProjectDicoding3Tests */,
				8E302DC92D8A7F07003B4856 /* ProjectDicoding3UITests */,
			);
		};
/* End PBXProject section */

/* Begin PBXResourcesBuildPhase section */
		8E302DAE2D8A7F05003B4856 /* Resources */ = {
			isa = PBXResourcesBuildPhase;
			buildActionMask = 2147483647;
			files = (
			);
			runOnlyForDeploymentPostprocessing = 0;
		};
		8E302DBE2D8A7F07003B4856 /* Resources */ = {
			isa = PBXResourcesBuildPhase;
			buildActionMask = 2147483647;
			files = (
			);
			runOnlyForDeploymentPostprocessing = 0;
		};
		8E302DC82D8A7F07003B4856 /* Resources */ = {
			isa = PBXResourcesBuildPhase;
			buildActionMask = 2147483647;
			files = (
			);
			runOnlyForDeploymentPostprocessing = 0;
		};
/* End PBXResourcesBuildPhase section */

/* Begin PBXShellScriptBuildPhase section */
		8E302E402D8BC368003B4856 /* ShellScript */ = {
			isa = PBXShellScriptBuildPhase;
			buildActionMask = 2147483647;
			files = (
			);
			inputFileListPaths = (
			);
			inputPaths = (
			);
			outputFileListPaths = (
			);
			outputPaths = (
			);
			runOnlyForDeploymentPostprocessing = 0;
			shellPath = /bin/sh;
			shellScript = "export PATH=\"$PATH:/opt/homebrew/bin\"\n\nif which swiftlint > /dev/null; then\n  swiftlint --fix && swiftlint\nelse\n  echo \"warning: SwiftLint not installed, download from https://github.com/realm/SwiftLint\"\nfi\n";
		};
/* End PBXShellScriptBuildPhase section */

/* Begin PBXSourcesBuildPhase section */
		8E302DAC2D8A7F05003B4856 /* Sources */ = {
			isa = PBXSourcesBuildPhase;
			buildActionMask = 2147483647;
			files = (
			);
			runOnlyForDeploymentPostprocessing = 0;
		};
		8E302DBC2D8A7F07003B4856 /* Sources */ = {
			isa = PBXSourcesBuildPhase;
			buildActionMask = 2147483647;
			files = (
			);
			runOnlyForDeploymentPostprocessing = 0;
		};
		8E302DC62D8A7F07003B4856 /* Sources */ = {
			isa = PBXSourcesBuildPhase;
			buildActionMask = 2147483647;
			files = (
			);
			runOnlyForDeploymentPostprocessing = 0;
		};
/* End PBXSourcesBuildPhase section */

/* Begin PBXTargetDependency section */
		8E302DC22D8A7F07003B4856 /* PBXTargetDependency */ = {
			isa = PBXTargetDependency;
			target = 8E302DAF2D8A7F05003B4856 /* ProjectDicoding3 */;
			targetProxy = 8E302DC12D8A7F07003B4856 /* PBXContainerItemProxy */;
		};
		8E302DCC2D8A7F07003B4856 /* PBXTargetDependency */ = {
			isa = PBXTargetDependency;
			target = 8E302DAF2D8A7F05003B4856 /* ProjectDicoding3 */;
			targetProxy = 8E302DCB2D8A7F07003B4856 /* PBXContainerItemProxy */;
		};
/* End PBXTargetDependency section */

/* Begin XCBuildConfiguration section */
		8E302DD22D8A7F07003B4856 /* Debug */ = {
			isa = XCBuildConfiguration;
			buildSettings = {
				ALWAYS_SEARCH_USER_PATHS = NO;
				ASSETCATALOG_COMPILER_GENERATE_SWIFT_ASSET_SYMBOL_EXTENSIONS = YES;
				CLANG_ANALYZER_NONNULL = YES;
				CLANG_ANALYZER_NUMBER_OBJECT_CONVERSION = YES_AGGRESSIVE;
				CLANG_CXX_LANGUAGE_STANDARD = "gnu++20";
				CLANG_ENABLE_MODULES = YES;
				CLANG_ENABLE_OBJC_ARC = YES;
				CLANG_ENABLE_OBJC_WEAK = YES;
				CLANG_WARN_BLOCK_CAPTURE_AUTORELEASING = YES;
				CLANG_WARN_BOOL_CONVERSION = YES;
				CLANG_WARN_COMMA = YES;
				CLANG_WARN_CONSTANT_CONVERSION = YES;
				CLANG_WARN_DEPRECATED_OBJC_IMPLEMENTATIONS = YES;
				CLANG_WARN_DIRECT_OBJC_ISA_USAGE = YES_ERROR;
				CLANG_WARN_DOCUMENTATION_COMMENTS = YES;
				CLANG_WARN_EMPTY_BODY = YES;
				CLANG_WARN_ENUM_CONVERSION = YES;
				CLANG_WARN_INFINITE_RECURSION = YES;
				CLANG_WARN_INT_CONVERSION = YES;
				CLANG_WARN_NON_LITERAL_NULL_CONVERSION = YES;
				CLANG_WARN_OBJC_IMPLICIT_RETAIN_SELF = YES;
				CLANG_WARN_OBJC_LITERAL_CONVERSION = YES;
				CLANG_WARN_OBJC_ROOT_CLASS = YES_ERROR;
				CLANG_WARN_QUOTED_INCLUDE_IN_FRAMEWORK_HEADER = YES;
				CLANG_WARN_RANGE_LOOP_ANALYSIS = YES;
				CLANG_WARN_STRICT_PROTOTYPES = YES;
				CLANG_WARN_SUSPICIOUS_MOVE = YES;
				CLANG_WARN_UNGUARDED_AVAILABILITY = YES_AGGRESSIVE;
				CLANG_WARN_UNREACHABLE_CODE = YES;
				CLANG_WARN__DUPLICATE_METHOD_MATCH = YES;
				COPY_PHASE_STRIP = NO;
				DEBUG_INFORMATION_FORMAT = dwarf;
				ENABLE_STRICT_OBJC_MSGSEND = YES;
				ENABLE_TESTABILITY = YES;
				ENABLE_USER_SCRIPT_SANDBOXING = YES;
				GCC_C_LANGUAGE_STANDARD = gnu17;
				GCC_DYNAMIC_NO_PIC = NO;
				GCC_NO_COMMON_BLOCKS = YES;
				GCC_OPTIMIZATION_LEVEL = 0;
				GCC_PREPROCESSOR_DEFINITIONS = (
					"DEBUG=1",
					"$(inherited)",
				);
				GCC_WARN_64_TO_32_BIT_CONVERSION = YES;
				GCC_WARN_ABOUT_RETURN_TYPE = YES_ERROR;
				GCC_WARN_UNDECLARED_SELECTOR = YES;
				GCC_WARN_UNINITIALIZED_AUTOS = YES_AGGRESSIVE;
				GCC_WARN_UNUSED_FUNCTION = YES;
				GCC_WARN_UNUSED_VARIABLE = YES;
				IPHONEOS_DEPLOYMENT_TARGET = 18.2;
				LOCALIZATION_PREFERS_STRING_CATALOGS = YES;
				MTL_ENABLE_DEBUG_INFO = INCLUDE_SOURCE;
				MTL_FAST_MATH = YES;
				ONLY_ACTIVE_ARCH = YES;
				SDKROOT = iphoneos;
				SWIFT_ACTIVE_COMPILATION_CONDITIONS = "DEBUG $(inherited)";
				SWIFT_OPTIMIZATION_LEVEL = "-Onone";
			};
			name = Debug;
		};
		8E302DD32D8A7F07003B4856 /* Release */ = {
			isa = XCBuildConfiguration;
			buildSettings = {
				ALWAYS_SEARCH_USER_PATHS = NO;
				ASSETCATALOG_COMPILER_GENERATE_SWIFT_ASSET_SYMBOL_EXTENSIONS = YES;
				CLANG_ANALYZER_NONNULL = YES;
				CLANG_ANALYZER_NUMBER_OBJECT_CONVERSION = YES_AGGRESSIVE;
				CLANG_CXX_LANGUAGE_STANDARD = "gnu++20";
				CLANG_ENABLE_MODULES = YES;
				CLANG_ENABLE_OBJC_ARC = YES;
				CLANG_ENABLE_OBJC_WEAK = YES;
				CLANG_WARN_BLOCK_CAPTURE_AUTORELEASING = YES;
				CLANG_WARN_BOOL_CONVERSION = YES;
				CLANG_WARN_COMMA = YES;
				CLANG_WARN_CONSTANT_CONVERSION = YES;
				CLANG_WARN_DEPRECATED_OBJC_IMPLEMENTATIONS = YES;
				CLANG_WARN_DIRECT_OBJC_ISA_USAGE = YES_ERROR;
				CLANG_WARN_DOCUMENTATION_COMMENTS = YES;
				CLANG_WARN_EMPTY_BODY = YES;
				CLANG_WARN_ENUM_CONVERSION = YES;
				CLANG_WARN_INFINITE_RECURSION = YES;
				CLANG_WARN_INT_CONVERSION = YES;
				CLANG_WARN_NON_LITERAL_NULL_CONVERSION = YES;
				CLANG_WARN_OBJC_IMPLICIT_RETAIN_SELF = YES;
				CLANG_WARN_OBJC_LITERAL_CONVERSION = YES;
				CLANG_WARN_OBJC_ROOT_CLASS = YES_ERROR;
				CLANG_WARN_QUOTED_INCLUDE_IN_FRAMEWORK_HEADER = YES;
				CLANG_WARN_RANGE_LOOP_ANALYSIS = YES;
				CLANG_WARN_STRICT_PROTOTYPES = YES;
				CLANG_WARN_SUSPICIOUS_MOVE = YES;
				CLANG_WARN_UNGUARDED_AVAILABILITY = YES_AGGRESSIVE;
				CLANG_WARN_UNREACHABLE_CODE = YES;
				CLANG_WARN__DUPLICATE_METHOD_MATCH = YES;
				COPY_PHASE_STRIP = NO;
				DEBUG_INFORMATION_FORMAT = "dwarf-with-dsym";
				ENABLE_NS_ASSERTIONS = NO;
				ENABLE_STRICT_OBJC_MSGSEND = YES;
				ENABLE_USER_SCRIPT_SANDBOXING = YES;
				GCC_C_LANGUAGE_STANDARD = gnu17;
				GCC_NO_COMMON_BLOCKS = YES;
				GCC_WARN_64_TO_32_BIT_CONVERSION = YES;
				GCC_WARN_ABOUT_RETURN_TYPE = YES_ERROR;
				GCC_WARN_UNDECLARED_SELECTOR = YES;
				GCC_WARN_UNINITIALIZED_AUTOS = YES_AGGRESSIVE;
				GCC_WARN_UNUSED_FUNCTION = YES;
				GCC_WARN_UNUSED_VARIABLE = YES;
				IPHONEOS_DEPLOYMENT_TARGET = 18.2;
				LOCALIZATION_PREFERS_STRING_CATALOGS = YES;
				MTL_ENABLE_DEBUG_INFO = NO;
				MTL_FAST_MATH = YES;
				SDKROOT = iphoneos;
				SWIFT_COMPILATION_MODE = wholemodule;
				VALIDATE_PRODUCT = YES;
			};
			name = Release;
		};
		8E302DD52D8A7F07003B4856 /* Debug */ = {
			isa = XCBuildConfiguration;
			buildSettings = {
				ASSETCATALOG_COMPILER_APPICON_NAME = AppIcon;
				ASSETCATALOG_COMPILER_GLOBAL_ACCENT_COLOR_NAME = AccentColor;
				CODE_SIGN_STYLE = Automatic;
				CURRENT_PROJECT_VERSION = 1;
				DEVELOPMENT_ASSET_PATHS = "\"ProjectDicoding3/Preview Content\"";
				DEVELOPMENT_TEAM = 74L6RWVQ62;
				ENABLE_PREVIEWS = YES;
				ENABLE_USER_SCRIPT_SANDBOXING = NO;
				GENERATE_INFOPLIST_FILE = YES;
				INFOPLIST_KEY_UIApplicationSceneManifest_Generation = YES;
				INFOPLIST_KEY_UIApplicationSupportsIndirectInputEvents = YES;
				INFOPLIST_KEY_UILaunchScreen_Generation = YES;
				INFOPLIST_KEY_UISupportedInterfaceOrientations_iPad = "UIInterfaceOrientationPortrait UIInterfaceOrientationPortraitUpsideDown UIInterfaceOrientationLandscapeLeft UIInterfaceOrientationLandscapeRight";
				INFOPLIST_KEY_UISupportedInterfaceOrientations_iPhone = "UIInterfaceOrientationPortrait UIInterfaceOrientationLandscapeLeft UIInterfaceOrientationLandscapeRight";
				LD_RUNPATH_SEARCH_PATHS = (
					"$(inherited)",
					"@executable_path/Frameworks",
				);
				MARKETING_VERSION = 1.0;
				PRODUCT_BUNDLE_IDENTIFIER = com.ProjectDicoding3;
				PRODUCT_NAME = "$(TARGET_NAME)";
				SWIFT_EMIT_LOC_STRINGS = YES;
				SWIFT_VERSION = 5.0;
				TARGETED_DEVICE_FAMILY = "1,2";
			};
			name = Debug;
		};
		8E302DD62D8A7F07003B4856 /* Release */ = {
			isa = XCBuildConfiguration;
			buildSettings = {
				ASSETCATALOG_COMPILER_APPICON_NAME = AppIcon;
				ASSETCATALOG_COMPILER_GLOBAL_ACCENT_COLOR_NAME = AccentColor;
				CODE_SIGN_STYLE = Automatic;
				CURRENT_PROJECT_VERSION = 1;
				DEVELOPMENT_ASSET_PATHS = "\"ProjectDicoding3/Preview Content\"";
				DEVELOPMENT_TEAM = 74L6RWVQ62;
				ENABLE_PREVIEWS = YES;
				ENABLE_USER_SCRIPT_SANDBOXING = NO;
				GENERATE_INFOPLIST_FILE = YES;
				INFOPLIST_KEY_UIApplicationSceneManifest_Generation = YES;
				INFOPLIST_KEY_UIApplicationSupportsIndirectInputEvents = YES;
				INFOPLIST_KEY_UILaunchScreen_Generation = YES;
				INFOPLIST_KEY_UISupportedInterfaceOrientations_iPad = "UIInterfaceOrientationPortrait UIInterfaceOrientationPortraitUpsideDown UIInterfaceOrientationLandscapeLeft UIInterfaceOrientationLandscapeRight";
				INFOPLIST_KEY_UISupportedInterfaceOrientations_iPhone = "UIInterfaceOrientationPortrait UIInterfaceOrientationLandscapeLeft UIInterfaceOrientationLandscapeRight";
				LD_RUNPATH_SEARCH_PATHS = (
					"$(inherited)",
					"@executable_path/Frameworks",
				);
				MARKETING_VERSION = 1.0;
				PRODUCT_BUNDLE_IDENTIFIER = com.ProjectDicoding3;
				PRODUCT_NAME = "$(TARGET_NAME)";
				SWIFT_EMIT_LOC_STRINGS = YES;
				SWIFT_VERSION = 5.0;
				TARGETED_DEVICE_FAMILY = "1,2";
			};
			name = Release;
		};
		8E302DD82D8A7F07003B4856 /* Debug */ = {
			isa = XCBuildConfiguration;
			buildSettings = {
				BUNDLE_LOADER = "$(TEST_HOST)";
				CODE_SIGN_STYLE = Automatic;
				CURRENT_PROJECT_VERSION = 1;
				GENERATE_INFOPLIST_FILE = YES;
				IPHONEOS_DEPLOYMENT_TARGET = 18.2;
				MARKETING_VERSION = 1.0;
				PRODUCT_BUNDLE_IDENTIFIER = com.ProjectDicoding3Tests;
				PRODUCT_NAME = "$(TARGET_NAME)";
				SWIFT_EMIT_LOC_STRINGS = NO;
				SWIFT_VERSION = 5.0;
				TARGETED_DEVICE_FAMILY = "1,2";
				TEST_HOST = "$(BUILT_PRODUCTS_DIR)/ProjectDicoding3.app/$(BUNDLE_EXECUTABLE_FOLDER_PATH)/ProjectDicoding3";
			};
			name = Debug;
		};
		8E302DD92D8A7F07003B4856 /* Release */ = {
			isa = XCBuildConfiguration;
			buildSettings = {
				BUNDLE_LOADER = "$(TEST_HOST)";
				CODE_SIGN_STYLE = Automatic;
				CURRENT_PROJECT_VERSION = 1;
				GENERATE_INFOPLIST_FILE = YES;
				IPHONEOS_DEPLOYMENT_TARGET = 18.2;
				MARKETING_VERSION = 1.0;
				PRODUCT_BUNDLE_IDENTIFIER = com.ProjectDicoding3Tests;
				PRODUCT_NAME = "$(TARGET_NAME)";
				SWIFT_EMIT_LOC_STRINGS = NO;
				SWIFT_VERSION = 5.0;
				TARGETED_DEVICE_FAMILY = "1,2";
				TEST_HOST = "$(BUILT_PRODUCTS_DIR)/ProjectDicoding3.app/$(BUNDLE_EXECUTABLE_FOLDER_PATH)/ProjectDicoding3";
			};
			name = Release;
		};
		8E302DDB2D8A7F07003B4856 /* Debug */ = {
			isa = XCBuildConfiguration;
			buildSettings = {
				CODE_SIGN_STYLE = Automatic;
				CURRENT_PROJECT_VERSION = 1;
				GENERATE_INFOPLIST_FILE = YES;
				MARKETING_VERSION = 1.0;
				PRODUCT_BUNDLE_IDENTIFIER = com.ProjectDicoding3UITests;
				PRODUCT_NAME = "$(TARGET_NAME)";
				SWIFT_EMIT_LOC_STRINGS = NO;
				SWIFT_VERSION = 5.0;
				TARGETED_DEVICE_FAMILY = "1,2";
				TEST_TARGET_NAME = ProjectDicoding3;
			};
			name = Debug;
		};
		8E302DDC2D8A7F07003B4856 /* Release */ = {
			isa = XCBuildConfiguration;
			buildSettings = {
				CODE_SIGN_STYLE = Automatic;
				CURRENT_PROJECT_VERSION = 1;
				GENERATE_INFOPLIST_FILE = YES;
				MARKETING_VERSION = 1.0;
				PRODUCT_BUNDLE_IDENTIFIER = com.ProjectDicoding3UITests;
				PRODUCT_NAME = "$(TARGET_NAME)";
				SWIFT_EMIT_LOC_STRINGS = NO;
				SWIFT_VERSION = 5.0;
				TARGETED_DEVICE_FAMILY = "1,2";
				TEST_TARGET_NAME = ProjectDicoding3;
			};
			name = Release;
		};
/* End XCBuildConfiguration section */

/* Begin XCConfigurationList section */
		8E302DAB2D8A7F05003B4856 /* Build configuration list for PBXProject "ProjectDicoding3" */ = {
			isa = XCConfigurationList;
			buildConfigurations = (
				8E302DD22D8A7F07003B4856 /* Debug */,
				8E302DD32D8A7F07003B4856 /* Release */,
			);
			defaultConfigurationIsVisible = 0;
			defaultConfigurationName = Release;
		};
		8E302DD42D8A7F07003B4856 /* Build configuration list for PBXNativeTarget "ProjectDicoding3" */ = {
			isa = XCConfigurationList;
			buildConfigurations = (
				8E302DD52D8A7F07003B4856 /* Debug */,
				8E302DD62D8A7F07003B4856 /* Release */,
			);
			defaultConfigurationIsVisible = 0;
			defaultConfigurationName = Release;
		};
		8E302DD72D8A7F07003B4856 /* Build configuration list for PBXNativeTarget "ProjectDicoding3Tests" */ = {
			isa = XCConfigurationList;
			buildConfigurations = (
				8E302DD82D8A7F07003B4856 /* Debug */,
				8E302DD92D8A7F07003B4856 /* Release */,
			);
			defaultConfigurationIsVisible = 0;
			defaultConfigurationName = Release;
		};
		8E302DDA2D8A7F07003B4856 /* Build configuration list for PBXNativeTarget "ProjectDicoding3UITests" */ = {
			isa = XCConfigurationList;
			buildConfigurations = (
				8E302DDB2D8A7F07003B4856 /* Debug */,
				8E302DDC2D8A7F07003B4856 /* Release */,
			);
			defaultConfigurationIsVisible = 0;
			defaultConfigurationName = Release;
		};
/* End XCConfigurationList section */

/* Begin XCRemoteSwiftPackageReference section */
		8E302E1A2D8BA1C9003B4856 /* XCRemoteSwiftPackageReference "Alamofire" */ = {
			isa = XCRemoteSwiftPackageReference;
			repositoryURL = "https://github.com/Alamofire/Alamofire";
			requirement = {
				kind = upToNextMajorVersion;
				minimumVersion = 5.10.2;
			};
		};
		8E302E442D8BC683003B4856 /* XCRemoteSwiftPackageReference "SDWebImageSwiftUI" */ = {
			isa = XCRemoteSwiftPackageReference;
			repositoryURL = "https://github.com/SDWebImage/SDWebImageSwiftUI";
			requirement = {
				kind = upToNextMajorVersion;
				minimumVersion = 3.1.3;
			};
		};
		8E302E612D8BEA0E003B4856 /* XCRemoteSwiftPackageReference "realm-swift" */ = {
			isa = XCRemoteSwiftPackageReference;
			repositoryURL = "https://github.com/realm/realm-swift";
			requirement = {
				branch = master;
				kind = branch;
			};
		};
/* End XCRemoteSwiftPackageReference section */

/* Begin XCSwiftPackageProductDependency section */
		8E302E1B2D8BA1C9003B4856 /* Alamofire */ = {
			isa = XCSwiftPackageProductDependency;
			package = 8E302E1A2D8BA1C9003B4856 /* XCRemoteSwiftPackageReference "Alamofire" */;
			productName = Alamofire;
		};
		8E302E452D8BC683003B4856 /* SDWebImageSwiftUI */ = {
			isa = XCSwiftPackageProductDependency;
			package = 8E302E442D8BC683003B4856 /* XCRemoteSwiftPackageReference "SDWebImageSwiftUI" */;
			productName = SDWebImageSwiftUI;
		};
		8E302E622D8BEA0E003B4856 /* RealmSwift */ = {
			isa = XCSwiftPackageProductDependency;
			package = 8E302E612D8BEA0E003B4856 /* XCRemoteSwiftPackageReference "realm-swift" */;
			productName = RealmSwift;
		};
/* End XCSwiftPackageProductDependency section */
	};
	rootObject = 8E302DA82D8A7F05003B4856 /* Project object */;
}
